
Microsoft Visual Studio Solution File, Format Version 12.00
# Visual Studio Version 17
VisualStudioVersion = 17.10.34928.147
MinimumVisualStudioVersion = 10.0.40219.1
Project("{FAE04EC0-301F-11D3-BF4B-00C04F79EFBC}") = "SimpleToDoApp", "SimpleToDoApp.csproj", "{83EC43A4-F5A5-42C7-93C9-DF7E2CF08DB3}"
EndProject
Global
	GlobalSection(SolutionConfigurationPlatforms) = preSolution
		Debug|Any CPU = Debug|Any CPU
		Release|Any CPU = Release|Any CPU
	EndGlobalSection
	GlobalSection(ProjectConfigurationPlatforms) = postSolution
		{83EC43A4-F5A5-42C7-93C9-DF7E2CF08DB3}.Debug|Any CPU.ActiveCfg = Debug|Any CPU
		{83EC43A4-F5A5-42C7-93C9-DF7E2CF08DB3}.Debug|Any CPU.Build.0 = Debug|Any CPU
		{83EC43A4-F5A5-42C7-93C9-DF7E2CF08DB3}.Release|Any CPU.ActiveCfg = Release|Any CPU
		{83EC43A4-F5A5-42C7-93C9-DF7E2CF08DB3}.Release|Any CPU.Build.0 = Release|Any CPU
	EndGlobalSection
	GlobalSection(SolutionProperties) = preSolution
		HideSolutionNode = FALSE
	EndGlobalSection
	GlobalSection(ExtensibilityGlobals) = postSolution
		SolutionGuid = {F27BAD87-B9E6-47A1-8EB3-606D1B10E225}
	EndGlobalSection
EndGlobal
